
Microsoft Visual Studio Solution File, Format Version 12.00
# Visual Studio Version 17
VisualStudioVersion = 17.13.35919.96
MinimumVisualStudioVersion = 10.0.40219.1
Project("{FAE04EC0-301F-11D3-BF4B-00C04F79EFBC}") = "FinanceTracker.Data", "FinanceTracker.Data\FinanceTracker.Data.csproj", "{1D88ADBE-A265-4D5D-AD34-7879B4CFFE8D}"
EndProject
Project("{FAE04EC0-301F-11D3-BF4B-00C04F79EFBC}") = "FinanceTracker.API", "FinanceTracker.API\FinanceTracker.API.csproj", "{443E559C-B0D6-41B8-B349-46840D2E5234}"
EndProject
Global
	GlobalSection(SolutionConfigurationPlatforms) = preSolution
		Debug|Any CPU = Debug|Any CPU
		Release|Any CPU = Release|Any CPU
	EndGlobalSection
	GlobalSection(ProjectConfigurationPlatforms) = postSolution
		{1D88ADBE-A265-4D5D-AD34-7879B4CFFE8D}.Debug|Any CPU.ActiveCfg = Debug|Any CPU
		{1D88ADBE-A265-4D5D-AD34-7879B4CFFE8D}.Debug|Any CPU.Build.0 = Debug|Any CPU
		{1D88ADBE-A265-4D5D-AD34-7879B4CFFE8D}.Release|Any CPU.ActiveCfg = Release|Any CPU
		{1D88ADBE-A265-4D5D-AD34-7879B4CFFE8D}.Release|Any CPU.Build.0 = Release|Any CPU
		{443E559C-B0D6-41B8-B349-46840D2E5234}.Debug|Any CPU.ActiveCfg = Debug|Any CPU
		{443E559C-B0D6-41B8-B349-46840D2E5234}.Debug|Any CPU.Build.0 = Debug|Any CPU
		{443E559C-B0D6-41B8-B349-46840D2E5234}.Release|Any CPU.ActiveCfg = Release|Any CPU
		{443E559C-B0D6-41B8-B349-46840D2E5234}.Release|Any CPU.Build.0 = Release|Any CPU
	EndGlobalSection
	GlobalSection(SolutionProperties) = preSolution
		HideSolutionNode = FALSE
	EndGlobalSection
	GlobalSection(ExtensibilityGlobals) = postSolution
		SolutionGuid = {40B74FF7-8981-4D98-A89A-E525202FDD70}
	EndGlobalSection
EndGlobal
